{
  "name": "jasmine-ts-auto-mock",
  "version": "0.0.2",
  "lockfileVersion": 1,
  "requires": true,
  "dependencies": {
    "@types/jasmine": {
      "version": "3.3.5",
      "resolved": "https://registry.npmjs.org/@types/jasmine/-/jasmine-3.3.5.tgz",
      "integrity": "sha512-LJtc52O1PNUffMvH6Q3fS0BOhQWYlkh3SVu/Jc4GoPgJkUytk5Y6YPbw+6lZK2mWWvG62BtVyOFw0ih7r8STsw==",
      "dev": true
    },
    "inherits": {
      "version": "2.0.3",
      "resolved": "https://registry.npmjs.org/inherits/-/inherits-2.0.3.tgz",
      "integrity": "sha1-Yzwsg+PaQqUC9SRmAiSA9CCCYd4="
    },
    "path": {
      "version": "0.12.7",
      "resolved": "https://registry.npmjs.org/path/-/path-0.12.7.tgz",
      "integrity": "sha1-1NwqUGxM4hl+tIHr/NWzbAFAsQ8=",
      "requires": {
        "process": "^0.11.1",
        "util": "^0.10.3"
      }
    },
    "process": {
      "version": "0.11.10",
      "resolved": "https://registry.npmjs.org/process/-/process-0.11.10.tgz",
      "integrity": "sha1-czIwDoQBYb2j5podHZGn1LwW8YI="
    },
    "ts-auto-mock": {
      "version": "0.0.14",
      "resolved": "https://registry.npmjs.org/ts-auto-mock/-/ts-auto-mock-0.0.14.tgz",
      "integrity": "sha512-1E8B/ldzfbnuo+K3iGDT3lXomWCjXd2cVElTZIA0Mo77M+dFLZfaGfY54mQHoFGLqgYyrzRVQ7qZAiCZDyvJdw==",
      "requires": {
        "path": "0.12.7",
        "url-slug": "2.0.0"
      }
    },
    "typescript": {
      "version": "3.2.2",
      "resolved": "https://registry.npmjs.org/typescript/-/typescript-3.2.2.tgz",
      "integrity": "sha512-VCj5UiSyHBjwfYacmDuc/NOk4QQixbE+Wn7MFJuS0nRuPQbof132Pw4u53dm264O8LPc2MVsc7RJNml5szurkg==",
      "dev": true
    },
    "unidecode": {
      "version": "0.1.8",
      "resolved": "https://registry.npmjs.org/unidecode/-/unidecode-0.1.8.tgz",
      "integrity": "sha1-77swFTi8RSRqmsjFWdcvAVMFBT4="
    },
    "url-slug": {
      "version": "2.0.0",
      "resolved": "https://registry.npmjs.org/url-slug/-/url-slug-2.0.0.tgz",
      "integrity": "sha1-p4nVrtSZXA2VrzM3etHVxo1NcCc=",
      "requires": {
        "unidecode": "0.1.8"
      }
    },
    "util": {
      "version": "0.10.4",
      "resolved": "https://registry.npmjs.org/util/-/util-0.10.4.tgz",
      "integrity": "sha512-0Pm9hTQ3se5ll1XihRic3FDIku70C+iHUdT/W926rSgHV5QgXsYbKZN8MSC3tJtSkhuROzvsQjAaFENRXr+19A==",
      "requires": {
        "inherits": "2.0.3"
      }
    }
  }
}
